
Microsoft Visual Studio Solution File, Format Version 12.00
# Visual Studio Version 16
VisualStudioVersion = 16.0.28729.10
MinimumVisualStudioVersion = 10.0.40219.1
Project("{9A19103F-16F7-4668-BE54-9A1E7A4F7556}") = "PostHost", "PostHost\PostHost.csproj", "{AD3BF8C6-17F6-4575-BA45-E86731926F26}"
EndProject
Project("{9A19103F-16F7-4668-BE54-9A1E7A4F7556}") = "Post.Core", "Post.Core\Post.Core.csproj", "{B878F6DB-E7A2-47D4-B760-030C7313342E}"
EndProject
Project("{9A19103F-16F7-4668-BE54-9A1E7A4F7556}") = "Post.Application", "Post.Application\Post.Application.csproj", "{2E3C027D-FD4C-4A18-9BEC-1E445028234C}"
EndProject
Project("{9A19103F-16F7-4668-BE54-9A1E7A4F7556}") = "Post.EntityFrameworkCore", "Post.EntityFrameworkCore\Post.EntityFrameworkCore.csproj", "{31DF3A8B-DC3A-442C-A53D-86D88EE8DFC2}"
EndProject
Project("{9A19103F-16F7-4668-BE54-9A1E7A4F7556}") = "IDentityServer", "IDentityServer\IDentityServer.csproj", "{7E4A208F-9D61-40AA-BE53-75182DF0572F}"
EndProject
Global
	GlobalSection(SolutionConfigurationPlatforms) = preSolution
		Debug|Any CPU = Debug|Any CPU
		Release|Any CPU = Release|Any CPU
	EndGlobalSection
	GlobalSection(ProjectConfigurationPlatforms) = postSolution
		{AD3BF8C6-17F6-4575-BA45-E86731926F26}.Debug|Any CPU.ActiveCfg = Debug|Any CPU
		{AD3BF8C6-17F6-4575-BA45-E86731926F26}.Debug|Any CPU.Build.0 = Debug|Any CPU
		{AD3BF8C6-17F6-4575-BA45-E86731926F26}.Release|Any CPU.ActiveCfg = Release|Any CPU
		{AD3BF8C6-17F6-4575-BA45-E86731926F26}.Release|Any CPU.Build.0 = Release|Any CPU
		{B878F6DB-E7A2-47D4-B760-030C7313342E}.Debug|Any CPU.ActiveCfg = Debug|Any CPU
		{B878F6DB-E7A2-47D4-B760-030C7313342E}.Debug|Any CPU.Build.0 = Debug|Any CPU
		{B878F6DB-E7A2-47D4-B760-030C7313342E}.Release|Any CPU.ActiveCfg = Release|Any CPU
		{B878F6DB-E7A2-47D4-B760-030C7313342E}.Release|Any CPU.Build.0 = Release|Any CPU
		{2E3C027D-FD4C-4A18-9BEC-1E445028234C}.Debug|Any CPU.ActiveCfg = Debug|Any CPU
		{2E3C027D-FD4C-4A18-9BEC-1E445028234C}.Debug|Any CPU.Build.0 = Debug|Any CPU
		{2E3C027D-FD4C-4A18-9BEC-1E445028234C}.Release|Any CPU.ActiveCfg = Release|Any CPU
		{2E3C027D-FD4C-4A18-9BEC-1E445028234C}.Release|Any CPU.Build.0 = Release|Any CPU
		{31DF3A8B-DC3A-442C-A53D-86D88EE8DFC2}.Debug|Any CPU.ActiveCfg = Debug|Any CPU
		{31DF3A8B-DC3A-442C-A53D-86D88EE8DFC2}.Debug|Any CPU.Build.0 = Debug|Any CPU
		{31DF3A8B-DC3A-442C-A53D-86D88EE8DFC2}.Release|Any CPU.ActiveCfg = Release|Any CPU
		{31DF3A8B-DC3A-442C-A53D-86D88EE8DFC2}.Release|Any CPU.Build.0 = Release|Any CPU
		{7E4A208F-9D61-40AA-BE53-75182DF0572F}.Debug|Any CPU.ActiveCfg = Debug|Any CPU
		{7E4A208F-9D61-40AA-BE53-75182DF0572F}.Debug|Any CPU.Build.0 = Debug|Any CPU
		{7E4A208F-9D61-40AA-BE53-75182DF0572F}.Release|Any CPU.ActiveCfg = Release|Any CPU
		{7E4A208F-9D61-40AA-BE53-75182DF0572F}.Release|Any CPU.Build.0 = Release|Any CPU
	EndGlobalSection
	GlobalSection(SolutionProperties) = preSolution
		HideSolutionNode = FALSE
	EndGlobalSection
	GlobalSection(ExtensibilityGlobals) = postSolution
		SolutionGuid = {5BAA96D6-2FC4-41A3-BD98-E59802DA49CE}
	EndGlobalSection
EndGlobal
